# This file was autogenerated by Stack.
# You should not edit this file by hand.
# For more information, please see the documentation at:
#   https://docs.haskellstack.org/en/stable/lock_files

packages:
- completed:
    hackage: text-1.2.3.1@sha256:ceb05f2a77b82bffe58c9ce8d8ad447191e4509bd28c14bf3da610bd6b82a62b,8560
    pantry-tree:
      size: 7456
      sha256: c9b38b60593401bb378b694a42b085d46f74f97d86d39edeb01a616965f2b581
  original:
    hackage: text-1.2.3.1
- completed:
    hackage: filepath-1.4.2.1@sha256:aff13ab4dd895931e77c22756e6e4e7bc8189351e0fa48270a998b826a63f54a,2291
    pantry-tree:
      size: 681
      sha256: ed5ffa1e42c2626fc3b13b9f7ff3fef6b841515a57021819f8066db4e93264dc
  original:
    hackage: filepath-1.4.2.1
- completed:
    hackage: megaparsec-8.0.0@sha256:362f85e243ecbcb550e1de6e5c74ba5a50c09edaa1208c99bc5b9fd242227fc6,3808
    pantry-tree:
      size: 1446
      sha256: 955117c00a86970f2d0c215f33cf5293b16589c04678a0a790c03368ab6fd0aa
  original:
    hackage: megaparsec-8.0.0
- completed:
    hackage: llvm-hs-pure-9.0.0@sha256:134779f40086a366279f678e670b610d7a7618b28dd43f65894078fd20e04629,2945
    pantry-tree:
      size: 2600
      sha256: f1a83aa959b69b72342997fc4fdc352086bc3b9f306cfb6a4c8bbc850d36b4fb
  original:
    hackage: llvm-hs-pure-9.0.0
- completed:
    hackage: llvm-hs-pretty-0.6.2.0@sha256:4c600122965e8dff586bdca0044ec2b1896f2875c2da5ad89bbab9799c9697cd,1670
    pantry-tree:
      size: 4741
      sha256: dbad27efec25efc9bb739682f0770953086119bdb85b84c09ce103ddde1b5343
  original:
    hackage: llvm-hs-pretty-0.6.2.0
snapshots:
- completed:
    size: 524163
    url: https://raw.githubusercontent.com/commercialhaskell/stackage-snapshots/master/lts/14/25.yaml
    sha256: 97548b4e927a8a862d4a203687ca18a3f5d2ae75b4b72c946fb29c17df1a5082
  original: lts-14.25
